
Microsoft Visual Studio Solution File, Format Version 12.00
# Visual Studio Version 17
VisualStudioVersion = 17.13.35825.156
MinimumVisualStudioVersion = 10.0.40219.1
Project("{FAE04EC0-301F-11D3-BF4B-00C04F79EFBC}") = "NV22SpectralInteg", "NV22SpectralInteg\NV22SpectralInteg.csproj", "{7309921D-F4CC-439A-AB0D-F14E492316FD}"
EndProject
Project("{FAE04EC0-301F-11D3-BF4B-00C04F79EFBC}") = "ITLlib", "ITLlib\ITLlib.csproj", "{03723A62-C447-4406-AD07-1A4D7EBE23A2}"
EndProject
Project("{54435603-DBB4-11D2-8724-00A0C9A8B90C}") = "PocketMint", "PocketMint\PocketMint.vdproj", "{5C908247-3CA3-411C-31E7-A5C078438103}"
EndProject
Global
	GlobalSection(SolutionConfigurationPlatforms) = preSolution
		Debug|Any CPU = Debug|Any CPU
		Debug|x86 = Debug|x86
		Release|Any CPU = Release|Any CPU
		Release|x86 = Release|x86
	EndGlobalSection
	GlobalSection(ProjectConfigurationPlatforms) = postSolution
		{7309921D-F4CC-439A-AB0D-F14E492316FD}.Debug|Any CPU.ActiveCfg = Debug|Any CPU
		{7309921D-F4CC-439A-AB0D-F14E492316FD}.Debug|Any CPU.Build.0 = Debug|Any CPU
		{7309921D-F4CC-439A-AB0D-F14E492316FD}.Debug|x86.ActiveCfg = Debug|Any CPU
		{7309921D-F4CC-439A-AB0D-F14E492316FD}.Debug|x86.Build.0 = Debug|Any CPU
		{7309921D-F4CC-439A-AB0D-F14E492316FD}.Release|Any CPU.ActiveCfg = Release|Any CPU
		{7309921D-F4CC-439A-AB0D-F14E492316FD}.Release|Any CPU.Build.0 = Release|Any CPU
		{7309921D-F4CC-439A-AB0D-F14E492316FD}.Release|x86.ActiveCfg = Release|Any CPU
		{7309921D-F4CC-439A-AB0D-F14E492316FD}.Release|x86.Build.0 = Release|Any CPU
		{03723A62-C447-4406-AD07-1A4D7EBE23A2}.Debug|Any CPU.ActiveCfg = Debug|Any CPU
		{03723A62-C447-4406-AD07-1A4D7EBE23A2}.Debug|Any CPU.Build.0 = Debug|Any CPU
		{03723A62-C447-4406-AD07-1A4D7EBE23A2}.Debug|x86.ActiveCfg = Debug|Any CPU
		{03723A62-C447-4406-AD07-1A4D7EBE23A2}.Debug|x86.Build.0 = Debug|Any CPU
		{03723A62-C447-4406-AD07-1A4D7EBE23A2}.Release|Any CPU.ActiveCfg = Release|Any CPU
		{03723A62-C447-4406-AD07-1A4D7EBE23A2}.Release|Any CPU.Build.0 = Release|Any CPU
		{03723A62-C447-4406-AD07-1A4D7EBE23A2}.Release|x86.ActiveCfg = Release|Any CPU
		{03723A62-C447-4406-AD07-1A4D7EBE23A2}.Release|x86.Build.0 = Release|Any CPU
		{5C908247-3CA3-411C-31E7-A5C078438103}.Debug|Any CPU.ActiveCfg = Debug
		{5C908247-3CA3-411C-31E7-A5C078438103}.Debug|x86.ActiveCfg = Debug
		{5C908247-3CA3-411C-31E7-A5C078438103}.Release|Any CPU.ActiveCfg = Release
		{5C908247-3CA3-411C-31E7-A5C078438103}.Release|x86.ActiveCfg = Release
	EndGlobalSection
	GlobalSection(SolutionProperties) = preSolution
		HideSolutionNode = FALSE
	EndGlobalSection
	GlobalSection(ExtensibilityGlobals) = postSolution
		SolutionGuid = {D8137C6A-B10D-4C99-8010-227526EC9A6D}
	EndGlobalSection
EndGlobal
